
Microsoft Visual Studio Solution File, Format Version 12.00
# Visual Studio 15
VisualStudioVersion = 15.0.27130.2020
MinimumVisualStudioVersion = 10.0.40219.1
Project("{8BC9CEB8-8B4A-11D0-8D11-00A0C91BC942}") = "rollrat-framework", "rollrat-framework\rollrat-framework.vcxproj", "{5BE942EC-0246-417D-A6F6-8ABD7C079B96}"
EndProject
Global
	GlobalSection(SolutionConfigurationPlatforms) = preSolution
		Debug|x64 = Debug|x64
		Debug|x86 = Debug|x86
		Release|x64 = Release|x64
		Release|x86 = Release|x86
	EndGlobalSection
	GlobalSection(ProjectConfigurationPlatforms) = postSolution
		{5BE942EC-0246-417D-A6F6-8ABD7C079B96}.Debug|x64.ActiveCfg = Debug|x64
		{5BE942EC-0246-417D-A6F6-8ABD7C079B96}.Debug|x64.Build.0 = Debug|x64
		{5BE942EC-0246-417D-A6F6-8ABD7C079B96}.Debug|x86.ActiveCfg = Debug|Win32
		{5BE942EC-0246-417D-A6F6-8ABD7C079B96}.Debug|x86.Build.0 = Debug|Win32
		{5BE942EC-0246-417D-A6F6-8ABD7C079B96}.Release|x64.ActiveCfg = Release|x64
		{5BE942EC-0246-417D-A6F6-8ABD7C079B96}.Release|x64.Build.0 = Release|x64
		{5BE942EC-0246-417D-A6F6-8ABD7C079B96}.Release|x86.ActiveCfg = Release|Win32
		{5BE942EC-0246-417D-A6F6-8ABD7C079B96}.Release|x86.Build.0 = Release|Win32
	EndGlobalSection
	GlobalSection(SolutionProperties) = preSolution
		HideSolutionNode = FALSE
	EndGlobalSection
	GlobalSection(ExtensibilityGlobals) = postSolution
		SolutionGuid = {7E67F901-A774-43D5-9364-9F7B53FD52C0}
	EndGlobalSection
EndGlobal
